// !$*UTF8*$!
{
	archiveVersion = 1;
	classes = {
	};
	objectVersion = 55;
	objects = {

/* Begin PBXBuildFile section */
		19CE9501279945FB0096F235 /* main.cpp in Sources */ = {isa = PBXBuildFile; fileRef = 19CE9500279945FB0096F235 /* main.cpp */; };
		19CE9509279963060096F235 /* odd_or_even.cpp in Sources */ = {isa = PBXBuildFile; fileRef = 19CE9507279963060096F235 /* odd_or_even.cpp */; };
		19CE950C279963240096F235 /* odd.cpp in Sources */ = {isa = PBXBuildFile; fileRef = 19CE950A279963240096F235 /* odd.cpp */; };
		19CE950F2799633B0096F235 /* even.cpp in Sources */ = {isa = PBXBuildFile; fileRef = 19CE950D2799633B0096F235 /* even.cpp */; };
/* End PBXBuildFile section */

/* Begin PBXCopyFilesBuildPhase section */
		19CE94FB279945FB0096F235 /* CopyFiles */ = {
			isa = PBXCopyFilesBuildPhase;
			buildActionMask = 2147483647;
			dstPath = /usr/share/man/man1/;
			dstSubfolderSpec = 0;
			files = (
			);
			runOnlyForDeploymentPostprocessing = 1;
		};
/* End PBXCopyFilesBuildPhase section */

/* Begin PBXFileReference section */
		19CE94FD279945FB0096F235 /* learing functors */ = {isa = PBXFileReference; explicitFileType = "compiled.mach-o.executable"; includeInIndex = 0; path = "learing functors"; sourceTree = BUILT_PRODUCTS_DIR; };
		19CE9500279945FB0096F235 /* main.cpp */ = {isa = PBXFileReference; lastKnownFileType = sourcecode.cpp.cpp; path = main.cpp; sourceTree = "<group>"; };
		19CE9507279963060096F235 /* odd_or_even.cpp */ = {isa = PBXFileReference; lastKnownFileType = sourcecode.cpp.cpp; path = odd_or_even.cpp; sourceTree = "<group>"; };
		19CE9508279963060096F235 /* odd_or_even.hpp */ = {isa = PBXFileReference; lastKnownFileType = sourcecode.cpp.h; path = odd_or_even.hpp; sourceTree = "<group>"; };
		19CE950A279963240096F235 /* odd.cpp */ = {isa = PBXFileReference; lastKnownFileType = sourcecode.cpp.cpp; path = odd.cpp; sourceTree = "<group>"; };
		19CE950B279963240096F235 /* odd.hpp */ = {isa = PBXFileReference; lastKnownFileType = sourcecode.cpp.h; path = odd.hpp; sourceTree = "<group>"; };
		19CE950D2799633B0096F235 /* even.cpp */ = {isa = PBXFileReference; lastKnownFileType = sourcecode.cpp.cpp; path = even.cpp; sourceTree = "<group>"; };
		19CE950E2799633B0096F235 /* even.hpp */ = {isa = PBXFileReference; lastKnownFileType = sourcecode.cpp.h; path = even.hpp; sourceTree = "<group>"; };
/* End PBXFileReference section */

/* Begin PBXFrameworksBuildPhase section */
		19CE94FA279945FB0096F235 /* Frameworks */ = {
			isa = PBXFrameworksBuildPhase;
			buildActionMask = 2147483647;
			files = (
			);
			runOnlyForDeploymentPostprocessing = 0;
		};
/* End PBXFrameworksBuildPhase section */

/* Begin PBXGroup section */
		19CE94F4279945FB0096F235 = {
			isa = PBXGroup;
			children = (
				19CE94FF279945FB0096F235 /* learing functors */,
				19CE94FE279945FB0096F235 /* Products */,
			);
			sourceTree = "<group>";
		};
		19CE94FE279945FB0096F235 /* Products */ = {
			isa = PBXGroup;
			children = (
				19CE94FD279945FB0096F235 /* learing functors */,
			);
			name = Products;
			sourceTree = "<group>";
		};
		19CE94FF279945FB0096F235 /* learing functors */ = {
			isa = PBXGroup;
			children = (
				19CE9500279945FB0096F235 /* main.cpp */,
				19CE950D2799633B0096F235 /* even.cpp */,
				19CE950E2799633B0096F235 /* even.hpp */,
				19CE950A279963240096F235 /* odd.cpp */,
				19CE950B279963240096F235 /* odd.hpp */,
				19CE9507279963060096F235 /* odd_or_even.cpp */,
				19CE9508279963060096F235 /* odd_or_even.hpp */,
			);
			path = "learing functors";
			sourceTree = "<group>";
		};
/* End PBXGroup section */

/* Begin PBXNativeTarget section */
		19CE94FC279945FB0096F235 /* learing functors */ = {
			isa = PBXNativeTarget;
			buildConfigurationList = 19CE9504279945FB0096F235 /* Build configuration list for PBXNativeTarget "learing functors" */;
			buildPhases = (
				19CE94F9279945FB0096F235 /* Sources */,
				19CE94FA279945FB0096F235 /* Frameworks */,
				19CE94FB279945FB0096F235 /* CopyFiles */,
			);
			buildRules = (
			);
			dependencies = (
			);
			name = "learing functors";
			productName = "learing functors";
			productReference = 19CE94FD279945FB0096F235 /* learing functors */;
			productType = "com.apple.product-type.tool";
		};
/* End PBXNativeTarget section */

/* Begin PBXProject section */
		19CE94F5279945FB0096F235 /* Project object */ = {
			isa = PBXProject;
			attributes = {
				BuildIndependentTargetsInParallel = 1;
				LastUpgradeCheck = 1320;
				TargetAttributes = {
					19CE94FC279945FB0096F235 = {
						CreatedOnToolsVersion = 13.2.1;
					};
				};
			};
			buildConfigurationList = 19CE94F8279945FB0096F235 /* Build configuration list for PBXProject "learing functors" */;
			compatibilityVersion = "Xcode 13.0";
			developmentRegion = en;
			hasScannedForEncodings = 0;
			knownRegions = (
				en,
				Base,
			);
			mainGroup = 19CE94F4279945FB0096F235;
			productRefGroup = 19CE94FE279945FB0096F235 /* Products */;
			projectDirPath = "";
			projectRoot = "";
			targets = (
				19CE94FC279945FB0096F235 /* learing functors */,
			);
		};
/* End PBXProject section */

/* Begin PBXSourcesBuildPhase section */
		19CE94F9279945FB0096F235 /* Sources */ = {
			isa = PBXSourcesBuildPhase;
			buildActionMask = 2147483647;
			files = (
				19CE950C279963240096F235 /* odd.cpp in Sources */,
				19CE9509279963060096F235 /* odd_or_even.cpp in Sources */,
				19CE9501279945FB0096F235 /* main.cpp in Sources */,
				19CE950F2799633B0096F235 /* even.cpp in Sources */,
			);
			runOnlyForDeploymentPostprocessing = 0;
		};
/* End PBXSourcesBuildPhase section */

/* Begin XCBuildConfiguration section */
		19CE9502279945FB0096F235 /* Debug */ = {
			isa = XCBuildConfiguration;
			buildSettings = {
				ALWAYS_SEARCH_USER_PATHS = NO;
				CLANG_ANALYZER_NONNULL = YES;
				CLANG_ANALYZER_NUMBER_OBJECT_CONVERSION = YES_AGGRESSIVE;
				CLANG_CXX_LANGUAGE_STANDARD = "gnu++17";
				CLANG_CXX_LIBRARY = "libc++";
				CLANG_ENABLE_MODULES = YES;
				CLANG_ENABLE_OBJC_ARC = YES;
				CLANG_ENABLE_OBJC_WEAK = YES;
				CLANG_WARN_BLOCK_CAPTURE_AUTORELEASING = YES;
				CLANG_WARN_BOOL_CONVERSION = YES;
				CLANG_WARN_COMMA = YES;
				CLANG_WARN_CONSTANT_CONVERSION = YES;
				CLANG_WARN_DEPRECATED_OBJC_IMPLEMENTATIONS = YES;
				CLANG_WARN_DIRECT_OBJC_ISA_USAGE = YES_ERROR;
				CLANG_WARN_DOCUMENTATION_COMMENTS = YES;
				CLANG_WARN_EMPTY_BODY = YES;
				CLANG_WARN_ENUM_CONVERSION = YES;
				CLANG_WARN_INFINITE_RECURSION = YES;
				CLANG_WARN_INT_CONVERSION = YES;
				CLANG_WARN_NON_LITERAL_NULL_CONVERSION = YES;
				CLANG_WARN_OBJC_IMPLICIT_RETAIN_SELF = YES;
				CLANG_WARN_OBJC_LITERAL_CONVERSION = YES;
				CLANG_WARN_OBJC_ROOT_CLASS = YES_ERROR;
				CLANG_WARN_QUOTED_INCLUDE_IN_FRAMEWORK_HEADER = YES;
				CLANG_WARN_RANGE_LOOP_ANALYSIS = YES;
				CLANG_WARN_STRICT_PROTOTYPES = YES;
				CLANG_WARN_SUSPICIOUS_MOVE = YES;
				CLANG_WARN_UNGUARDED_AVAILABILITY = YES_AGGRESSIVE;
				CLANG_WARN_UNREACHABLE_CODE = YES;
				CLANG_WARN__DUPLICATE_METHOD_MATCH = YES;
				COPY_PHASE_STRIP = NO;
				DEBUG_INFORMATION_FORMAT = dwarf;
				ENABLE_STRICT_OBJC_MSGSEND = YES;
				ENABLE_TESTABILITY = YES;
				GCC_C_LANGUAGE_STANDARD = gnu11;
				GCC_DYNAMIC_NO_PIC = NO;
				GCC_NO_COMMON_BLOCKS = YES;
				GCC_OPTIMIZATION_LEVEL = 0;
				GCC_PREPROCESSOR_DEFINITIONS = (
					"DEBUG=1",
					"$(inherited)",
				);
				GCC_WARN_64_TO_32_BIT_CONVERSION = YES;
				GCC_WARN_ABOUT_RETURN_TYPE = YES_ERROR;
				GCC_WARN_UNDECLARED_SELECTOR = YES;
				GCC_WARN_UNINITIALIZED_AUTOS = YES_AGGRESSIVE;
				GCC_WARN_UNUSED_FUNCTION = YES;
				GCC_WARN_UNUSED_VARIABLE = YES;
				MACOSX_DEPLOYMENT_TARGET = 11.6;
				MTL_ENABLE_DEBUG_INFO = INCLUDE_SOURCE;
				MTL_FAST_MATH = YES;
				ONLY_ACTIVE_ARCH = YES;
				SDKROOT = macosx;
			};
			name = Debug;
		};
		19CE9503279945FB0096F235 /* Release */ = {
			isa = XCBuildConfiguration;
			buildSettings = {
				ALWAYS_SEARCH_USER_PATHS = NO;
				CLANG_ANALYZER_NONNULL = YES;
				CLANG_ANALYZER_NUMBER_OBJECT_CONVERSION = YES_AGGRESSIVE;
				CLANG_CXX_LANGUAGE_STANDARD = "gnu++17";
				CLANG_CXX_LIBRARY = "libc++";
				CLANG_ENABLE_MODULES = YES;
				CLANG_ENABLE_OBJC_ARC = YES;
				CLANG_ENABLE_OBJC_WEAK = YES;
				CLANG_WARN_BLOCK_CAPTURE_AUTORELEASING = YES;
				CLANG_WARN_BOOL_CONVERSION = YES;
				CLANG_WARN_COMMA = YES;
				CLANG_WARN_CONSTANT_CONVERSION = YES;
				CLANG_WARN_DEPRECATED_OBJC_IMPLEMENTATIONS = YES;
				CLANG_WARN_DIRECT_OBJC_ISA_USAGE = YES_ERROR;
				CLANG_WARN_DOCUMENTATION_COMMENTS = YES;
				CLANG_WARN_EMPTY_BODY = YES;
				CLANG_WARN_ENUM_CONVERSION = YES;
				CLANG_WARN_INFINITE_RECURSION = YES;
				CLANG_WARN_INT_CONVERSION = YES;
				CLANG_WARN_NON_LITERAL_NULL_CONVERSION = YES;
				CLANG_WARN_OBJC_IMPLICIT_RETAIN_SELF = YES;
				CLANG_WARN_OBJC_LITERAL_CONVERSION = YES;
				CLANG_WARN_OBJC_ROOT_CLASS = YES_ERROR;
				CLANG_WARN_QUOTED_INCLUDE_IN_FRAMEWORK_HEADER = YES;
				CLANG_WARN_RANGE_LOOP_ANALYSIS = YES;
				CLANG_WARN_STRICT_PROTOTYPES = YES;
				CLANG_WARN_SUSPICIOUS_MOVE = YES;
				CLANG_WARN_UNGUARDED_AVAILABILITY = YES_AGGRESSIVE;
				CLANG_WARN_UNREACHABLE_CODE = YES;
				CLANG_WARN__DUPLICATE_METHOD_MATCH = YES;
				COPY_PHASE_STRIP = NO;
				DEBUG_INFORMATION_FORMAT = "dwarf-with-dsym";
				ENABLE_NS_ASSERTIONS = NO;
				ENABLE_STRICT_OBJC_MSGSEND = YES;
				GCC_C_LANGUAGE_STANDARD = gnu11;
				GCC_NO_COMMON_BLOCKS = YES;
				GCC_WARN_64_TO_32_BIT_CONVERSION = YES;
				GCC_WARN_ABOUT_RETURN_TYPE = YES_ERROR;
				GCC_WARN_UNDECLARED_SELECTOR = YES;
				GCC_WARN_UNINITIALIZED_AUTOS = YES_AGGRESSIVE;
				GCC_WARN_UNUSED_FUNCTION = YES;
				GCC_WARN_UNUSED_VARIABLE = YES;
				MACOSX_DEPLOYMENT_TARGET = 11.6;
				MTL_ENABLE_DEBUG_INFO = NO;
				MTL_FAST_MATH = YES;
				SDKROOT = macosx;
			};
			name = Release;
		};
		19CE9505279945FB0096F235 /* Debug */ = {
			isa = XCBuildConfiguration;
			buildSettings = {
				CODE_SIGN_STYLE = Automatic;
				PRODUCT_NAME = "$(TARGET_NAME)";
			};
			name = Debug;
		};
		19CE9506279945FB0096F235 /* Release */ = {
			isa = XCBuildConfiguration;
			buildSettings = {
				CODE_SIGN_STYLE = Automatic;
				PRODUCT_NAME = "$(TARGET_NAME)";
			};
			name = Release;
		};
/* End XCBuildConfiguration section */

/* Begin XCConfigurationList section */
		19CE94F8279945FB0096F235 /* Build configuration list for PBXProject "learing functors" */ = {
			isa = XCConfigurationList;
			buildConfigurations = (
				19CE9502279945FB0096F235 /* Debug */,
				19CE9503279945FB0096F235 /* Release */,
			);
			defaultConfigurationIsVisible = 0;
			defaultConfigurationName = Release;
		};
		19CE9504279945FB0096F235 /* Build configuration list for PBXNativeTarget "learing functors" */ = {
			isa = XCConfigurationList;
			buildConfigurations = (
				19CE9505279945FB0096F235 /* Debug */,
				19CE9506279945FB0096F235 /* Release */,
			);
			defaultConfigurationIsVisible = 0;
			defaultConfigurationName = Release;
		};
/* End XCConfigurationList section */
	};
	rootObject = 19CE94F5279945FB0096F235 /* Project object */;
}
